{
  "name": "shino-v08-m3-host-profile-research",
  "version": "1.1.0",
  "lockfileVersion": 3,
  "requires": true,
  "packages": {
    "": {
      "name": "shino-v08-m3-host-profile-research",
      "version": "1.1.0",
      "dependencies": {
        "structured-headers": "2.0.3"
      }
    },
    "node_modules/structured-headers": {
      "version": "2.0.3",
      "resolved": "https://registry.npmjs.org/structured-headers/-/structured-headers-2.0.3.tgz",
      "integrity": "sha512-4g5yxhlDMClRwCcfKfLeS7Z8yAVdOWGDADwm80Poh1iReU2KVKLGBlqwpHWJ2qovq0+ZIf1atAEO1eua2o9Rgg==",
      "license": "MIT",
      "engines": {
        "node": ">=18",
        "npm": ">=6"
      }
    }
  }
}
